{
	"name": "compile-ts",
	"version": "0.0.1",
	"lockfileVersion": 3,
	"requires": true,
	"packages": {
		"": {
			"name": "compile-ts",
			"version": "0.0.1",
			"license": "MIT",
			"dependencies": {
				"@swc/core": "^1.3.55"
			},
			"devDependencies": {
				"@types/node": "^18.16.0",
				"@types/vscode": "^1.77.0"
			},
			"engines": {
				"vscode": "^1.77.0"
			}
		},
		"node_modules/@swc/core": {
			"version": "1.3.55",
			"resolved": "https://registry.npmjs.org/@swc/core/-/core-1.3.55.tgz",
			"integrity": "sha512-w/lN3OuJsuy868yJZKop+voZLVzI5pVSoopQVtgDNkEzejnPuRp9XaeAValvuMaWqKoTMtOjLzEPyv/xiAGYQQ==",
			"hasInstallScript": true,
			"engines": {
				"node": ">=10"
			},
			"funding": {
				"type": "opencollective",
				"url": "https://opencollective.com/swc"
			},
			"optionalDependencies": {
				"@swc/core-darwin-arm64": "1.3.55",
				"@swc/core-darwin-x64": "1.3.55",
				"@swc/core-linux-arm-gnueabihf": "1.3.55",
				"@swc/core-linux-arm64-gnu": "1.3.55",
				"@swc/core-linux-arm64-musl": "1.3.55",
				"@swc/core-linux-x64-gnu": "1.3.55",
				"@swc/core-linux-x64-musl": "1.3.55",
				"@swc/core-win32-arm64-msvc": "1.3.55",
				"@swc/core-win32-ia32-msvc": "1.3.55",
				"@swc/core-win32-x64-msvc": "1.3.55"
			},
			"peerDependencies": {
				"@swc/helpers": "^0.5.0"
			},
			"peerDependenciesMeta": {
				"@swc/helpers": {
					"optional": true
				}
			}
		},
		"node_modules/@swc/core-darwin-arm64": {
			"version": "1.3.55",
			"resolved": "https://registry.npmjs.org/@swc/core-darwin-arm64/-/core-darwin-arm64-1.3.55.tgz",
			"integrity": "sha512-UnHC8aPg/JvHhgXxTU6EhTtfnYNS7nhq8EKB8laNPxlHbwEyMBVQ2QuJHlNCtFtvSfX/uH5l04Ld1iGXnBTfdQ==",
			"cpu": [
				"arm64"
			],
			"optional": true,
			"os": [
				"darwin"
			],
			"engines": {
				"node": ">=10"
			}
		},
		"node_modules/@swc/core-darwin-x64": {
			"version": "1.3.55",
			"resolved": "https://registry.npmjs.org/@swc/core-darwin-x64/-/core-darwin-x64-1.3.55.tgz",
			"integrity": "sha512-VNJkFVARrktIqtaLrD1NFA54gqekH7eAUcUY2U2SdHwO67HYjfMXMxlugLP5PDasSKpTkrVooUdhkffoA5W50g==",
			"cpu": [
				"x64"
			],
			"optional": true,
			"os": [
				"darwin"
			],
			"engines": {
				"node": ">=10"
			}
		},
		"node_modules/@swc/core-linux-arm-gnueabihf": {
			"version": "1.3.55",
			"resolved": "https://registry.npmjs.org/@swc/core-linux-arm-gnueabihf/-/core-linux-arm-gnueabihf-1.3.55.tgz",
			"integrity": "sha512-6OcohhIFKKNW/TpJt26Tpul8zyL7dmp1Lnyj2BX9ycsZZ5UnsNiGqn37mrqJgVTx/ansEmbyOmKu2mzm/Ct6cQ==",
			"cpu": [
				"arm"
			],
			"optional": true,
			"os": [
				"linux"
			],
			"engines": {
				"node": ">=10"
			}
		},
		"node_modules/@swc/core-linux-arm64-gnu": {
			"version": "1.3.55",
			"resolved": "https://registry.npmjs.org/@swc/core-linux-arm64-gnu/-/core-linux-arm64-gnu-1.3.55.tgz",
			"integrity": "sha512-MfZtXGBv21XWwvrSMP0CMxScDolT/iv5PRl9UBprYUehwWr7BNjA3V9W7QQ+kKoPyORWk7LX7OpJZF3FnO618Q==",
			"cpu": [
				"arm64"
			],
			"optional": true,
			"os": [
				"linux"
			],
			"engines": {
				"node": ">=10"
			}
		},
		"node_modules/@swc/core-linux-arm64-musl": {
			"version": "1.3.55",
			"resolved": "https://registry.npmjs.org/@swc/core-linux-arm64-musl/-/core-linux-arm64-musl-1.3.55.tgz",
			"integrity": "sha512-iZJo+7L5lv10W0f0C6SlyteAyMJt5Tp+aH3+nlAwKdtc+VjyL1sGhR8DJMXp2/buBRZJ9tjEtpXKDaWUdSdF7Q==",
			"cpu": [
				"arm64"
			],
			"optional": true,
			"os": [
				"linux"
			],
			"engines": {
				"node": ">=10"
			}
		},
		"node_modules/@swc/core-linux-x64-gnu": {
			"version": "1.3.55",
			"resolved": "https://registry.npmjs.org/@swc/core-linux-x64-gnu/-/core-linux-x64-gnu-1.3.55.tgz",
			"integrity": "sha512-Rmc8ny/mslzzz0+wNK9/mLdyAWVbMZHRSvljhpzASmq48NBkmZ5vk9/WID6MnUz2e9cQ0JxJQs8t39KlFJtW3g==",
			"cpu": [
				"x64"
			],
			"optional": true,
			"os": [
				"linux"
			],
			"engines": {
				"node": ">=10"
			}
		},
		"node_modules/@swc/core-linux-x64-musl": {
			"version": "1.3.55",
			"resolved": "https://registry.npmjs.org/@swc/core-linux-x64-musl/-/core-linux-x64-musl-1.3.55.tgz",
			"integrity": "sha512-Ymoc4xxINzS93ZjVd2UZfLZk1jF6wHjdCbC1JF+0zK3IrNrxCIDoWoaAj0+Bbvyo3hD1Xg/cneSTsqX8amnnuQ==",
			"cpu": [
				"x64"
			],
			"optional": true,
			"os": [
				"linux"
			],
			"engines": {
				"node": ">=10"
			}
		},
		"node_modules/@swc/core-win32-arm64-msvc": {
			"version": "1.3.55",
			"resolved": "https://registry.npmjs.org/@swc/core-win32-arm64-msvc/-/core-win32-arm64-msvc-1.3.55.tgz",
			"integrity": "sha512-OhnmFstq2qRU2GI5I0G/8L+vc2rx8+w+IOA6EZBrY4FuMCbPIZKKzlnAIxYn2W+yD4gvBzYP3tgEcaDfQk6EkA==",
			"cpu": [
				"arm64"
			],
			"optional": true,
			"os": [
				"win32"
			],
			"engines": {
				"node": ">=10"
			}
		},
		"node_modules/@swc/core-win32-ia32-msvc": {
			"version": "1.3.55",
			"resolved": "https://registry.npmjs.org/@swc/core-win32-ia32-msvc/-/core-win32-ia32-msvc-1.3.55.tgz",
			"integrity": "sha512-3VR5rHZ6uoL/Vo3djV30GgX2oyDwWWsk+Yp+nyvYyBaKYiH2zeHfxdYRLSQV3W7kSlCAH3oDYpSljrWZ0t5XEQ==",
			"cpu": [
				"ia32"
			],
			"optional": true,
			"os": [
				"win32"
			],
			"engines": {
				"node": ">=10"
			}
		},
		"node_modules/@swc/core-win32-x64-msvc": {
			"version": "1.3.55",
			"resolved": "https://registry.npmjs.org/@swc/core-win32-x64-msvc/-/core-win32-x64-msvc-1.3.55.tgz",
			"integrity": "sha512-KBtMFtRwnbxBugYf6i2ePqEGdxsk715KcqGMjGhxNg7BTACnXnhj37irHu2e7A7wZffbkUVUYuj/JEgVkEjSxg==",
			"cpu": [
				"x64"
			],
			"optional": true,
			"os": [
				"win32"
			],
			"engines": {
				"node": ">=10"
			}
		},
		"node_modules/@types/node": {
			"version": "18.16.0",
			"resolved": "https://registry.npmjs.org/@types/node/-/node-18.16.0.tgz",
			"integrity": "sha512-BsAaKhB+7X+H4GnSjGhJG9Qi8Tw+inU9nJDwmD5CgOmBLEI6ArdhikpLX7DjbjDRDTbqZzU2LSQNZg8WGPiSZQ==",
			"dev": true
		},
		"node_modules/@types/vscode": {
			"version": "1.77.0",
			"resolved": "https://registry.npmjs.org/@types/vscode/-/vscode-1.77.0.tgz",
			"integrity": "sha512-MWFN5R7a33n8eJZJmdVlifjig3LWUNRrPeO1xemIcZ0ae0TEQuRc7G2xV0LUX78RZFECY1plYBn+dP/Acc3L0Q==",
			"dev": true
		}
	}
}
